
Microsoft Visual Studio Solution File, Format Version 12.00
# Visual Studio 15
VisualStudioVersion = 15.0.28307.421
MinimumVisualStudioVersion = 10.0.40219.1
Project("{FAE04EC0-301F-11D3-BF4B-00C04F79EFBC}") = "dotnet-core-xunit", "dotnet-core-xunit\dotnet-core-xunit.csproj", "{2E3BB7AC-81E2-4003-AE9D-9BB7569F7D52}"
EndProject
Project("{FAE04EC0-301F-11D3-BF4B-00C04F79EFBC}") = "dotnet-core-xunit-test", "dotnet-core-xunit-test\dotnet-core-xunit-test.csproj", "{9B9C6FA2-76F7-48F0-881D-DA93A83FA8CE}"
EndProject
Global
	GlobalSection(SolutionConfigurationPlatforms) = preSolution
		Debug|Any CPU = Debug|Any CPU
		Release|Any CPU = Release|Any CPU
	EndGlobalSection
	GlobalSection(ProjectConfigurationPlatforms) = postSolution
		{2E3BB7AC-81E2-4003-AE9D-9BB7569F7D52}.Debug|Any CPU.ActiveCfg = Debug|Any CPU
		{2E3BB7AC-81E2-4003-AE9D-9BB7569F7D52}.Debug|Any CPU.Build.0 = Debug|Any CPU
		{2E3BB7AC-81E2-4003-AE9D-9BB7569F7D52}.Release|Any CPU.ActiveCfg = Release|Any CPU
		{2E3BB7AC-81E2-4003-AE9D-9BB7569F7D52}.Release|Any CPU.Build.0 = Release|Any CPU
		{9B9C6FA2-76F7-48F0-881D-DA93A83FA8CE}.Debug|Any CPU.ActiveCfg = Debug|Any CPU
		{9B9C6FA2-76F7-48F0-881D-DA93A83FA8CE}.Debug|Any CPU.Build.0 = Debug|Any CPU
		{9B9C6FA2-76F7-48F0-881D-DA93A83FA8CE}.Release|Any CPU.ActiveCfg = Release|Any CPU
		{9B9C6FA2-76F7-48F0-881D-DA93A83FA8CE}.Release|Any CPU.Build.0 = Release|Any CPU
	EndGlobalSection
	GlobalSection(SolutionProperties) = preSolution
		HideSolutionNode = FALSE
	EndGlobalSection
	GlobalSection(ExtensibilityGlobals) = postSolution
		SolutionGuid = {87144579-1E16-4446-97C4-24A6394D8A92}
	EndGlobalSection
EndGlobal
